
Microsoft Visual Studio Solution File, Format Version 12.00
# Visual Studio 2013
VisualStudioVersion = 12.0.31101.0
MinimumVisualStudioVersion = 10.0.40219.1
Project("{FAE04EC0-301F-11D3-BF4B-00C04F79EFBC}") = "Ext.ux.Highcharts", "Ext.ux.Highcharts\Ext.ux.Highcharts.csproj", "{EE4318D2-A8F0-44E2-AF55-1634CCE7CFE0}"
EndProject
Project("{FAE04EC0-301F-11D3-BF4B-00C04F79EFBC}") = "Ext.ux.Highcharts.Demo", "Ext.ux.Highcharts.Demo\Ext.ux.Highcharts.Demo.csproj", "{8E694634-4507-4152-B922-3F43E9C40AFB}"
EndProject
Project("{FAE04EC0-301F-11D3-BF4B-00C04F79EFBC}") = "Utils.HighChartClassGen", "Utils.HighChartClassGen\Utils.HighChartClassGen.csproj", "{784B0408-71EF-4916-B480-0A2C1BC79724}"
EndProject
Global
	GlobalSection(SolutionConfigurationPlatforms) = preSolution
		Debug|Any CPU = Debug|Any CPU
		Release|Any CPU = Release|Any CPU
	EndGlobalSection
	GlobalSection(ProjectConfigurationPlatforms) = postSolution
		{EE4318D2-A8F0-44E2-AF55-1634CCE7CFE0}.Debug|Any CPU.ActiveCfg = Debug|Any CPU
		{EE4318D2-A8F0-44E2-AF55-1634CCE7CFE0}.Debug|Any CPU.Build.0 = Debug|Any CPU
		{EE4318D2-A8F0-44E2-AF55-1634CCE7CFE0}.Release|Any CPU.ActiveCfg = Release|Any CPU
		{EE4318D2-A8F0-44E2-AF55-1634CCE7CFE0}.Release|Any CPU.Build.0 = Release|Any CPU
		{8E694634-4507-4152-B922-3F43E9C40AFB}.Debug|Any CPU.ActiveCfg = Debug|Any CPU
		{8E694634-4507-4152-B922-3F43E9C40AFB}.Debug|Any CPU.Build.0 = Debug|Any CPU
		{8E694634-4507-4152-B922-3F43E9C40AFB}.Release|Any CPU.ActiveCfg = Release|Any CPU
		{8E694634-4507-4152-B922-3F43E9C40AFB}.Release|Any CPU.Build.0 = Release|Any CPU
		{784B0408-71EF-4916-B480-0A2C1BC79724}.Debug|Any CPU.ActiveCfg = Debug|Any CPU
		{784B0408-71EF-4916-B480-0A2C1BC79724}.Debug|Any CPU.Build.0 = Debug|Any CPU
		{784B0408-71EF-4916-B480-0A2C1BC79724}.Release|Any CPU.ActiveCfg = Release|Any CPU
		{784B0408-71EF-4916-B480-0A2C1BC79724}.Release|Any CPU.Build.0 = Release|Any CPU
	EndGlobalSection
	GlobalSection(SolutionProperties) = preSolution
		HideSolutionNode = FALSE
	EndGlobalSection
EndGlobal
